
Microsoft Visual Studio Solution File, Format Version 12.00
# Visual Studio Version 17
VisualStudioVersion = 17.11.35327.3
MinimumVisualStudioVersion = 10.0.40219.1
Project("{FAE04EC0-301F-11D3-BF4B-00C04F79EFBC}") = "Notes", "Notes\Notes.csproj", "{11E83D25-57FB-47C2-9085-148B27E2A3F2}"
EndProject
Global
	GlobalSection(SolutionConfigurationPlatforms) = preSolution
		Debug|Any CPU = Debug|Any CPU
		Release|Any CPU = Release|Any CPU
	EndGlobalSection
	GlobalSection(ProjectConfigurationPlatforms) = postSolution
		{11E83D25-57FB-47C2-9085-148B27E2A3F2}.Debug|Any CPU.ActiveCfg = Debug|Any CPU
		{11E83D25-57FB-47C2-9085-148B27E2A3F2}.Debug|Any CPU.Build.0 = Debug|Any CPU
		{11E83D25-57FB-47C2-9085-148B27E2A3F2}.Release|Any CPU.ActiveCfg = Release|Any CPU
		{11E83D25-57FB-47C2-9085-148B27E2A3F2}.Release|Any CPU.Build.0 = Release|Any CPU
	EndGlobalSection
	GlobalSection(SolutionProperties) = preSolution
		HideSolutionNode = FALSE
	EndGlobalSection
	GlobalSection(ExtensibilityGlobals) = postSolution
		SolutionGuid = {9D81B7E3-4305-475C-965F-5DA270F69D3D}
	EndGlobalSection
EndGlobal
